
Microsoft Visual Studio Solution File, Format Version 12.00
# Visual Studio Version 17
VisualStudioVersion = 17.5.33627.172
MinimumVisualStudioVersion = 10.0.40219.1
Project("{9A19103F-16F7-4668-BE54-9A1E7A4F7556}") = "FilmReview", "FilmReview\FilmReview.csproj", "{7E90CF54-8DBB-4709-BDC4-E102CDE8B472}"
EndProject
Project("{FAE04EC0-301F-11D3-BF4B-00C04F79EFBC}") = "UnitTests", "UnitTests\UnitTests.csproj", "{78B23526-82AD-4B70-B0AD-73124F8E0305}"
EndProject
Global
	GlobalSection(SolutionConfigurationPlatforms) = preSolution
		Debug|Any CPU = Debug|Any CPU
		Release|Any CPU = Release|Any CPU
	EndGlobalSection
	GlobalSection(ProjectConfigurationPlatforms) = postSolution
		{7E90CF54-8DBB-4709-BDC4-E102CDE8B472}.Debug|Any CPU.ActiveCfg = Debug|Any CPU
		{7E90CF54-8DBB-4709-BDC4-E102CDE8B472}.Debug|Any CPU.Build.0 = Debug|Any CPU
		{7E90CF54-8DBB-4709-BDC4-E102CDE8B472}.Release|Any CPU.ActiveCfg = Release|Any CPU
		{7E90CF54-8DBB-4709-BDC4-E102CDE8B472}.Release|Any CPU.Build.0 = Release|Any CPU
		{78B23526-82AD-4B70-B0AD-73124F8E0305}.Debug|Any CPU.ActiveCfg = Debug|Any CPU
		{78B23526-82AD-4B70-B0AD-73124F8E0305}.Debug|Any CPU.Build.0 = Debug|Any CPU
		{78B23526-82AD-4B70-B0AD-73124F8E0305}.Release|Any CPU.ActiveCfg = Release|Any CPU
		{78B23526-82AD-4B70-B0AD-73124F8E0305}.Release|Any CPU.Build.0 = Release|Any CPU
	EndGlobalSection
	GlobalSection(SolutionProperties) = preSolution
		HideSolutionNode = FALSE
	EndGlobalSection
	GlobalSection(ExtensibilityGlobals) = postSolution
		SolutionGuid = {873ECE9A-1FC0-42C6-9B31-41EBF1CB9DA2}
	EndGlobalSection
EndGlobal
